// !$*UTF8*$!
{
	archiveVersion = 1;
	classes = {
	};
	objectVersion = 50;
	objects = {

/* Begin PBXBuildFile section */
		46DFB919262D76E8002839F4 /* GetMoviesOnlineApp.swift in Sources */ = {isa = PBXBuildFile; fileRef = 46DFB918262D76E8002839F4 /* GetMoviesOnlineApp.swift */; };
		46DFB91B262D76E8002839F4 /* ContentView.swift in Sources */ = {isa = PBXBuildFile; fileRef = 46DFB91A262D76E8002839F4 /* ContentView.swift */; };
		46DFB91D262D76EF002839F4 /* Assets.xcassets in Resources */ = {isa = PBXBuildFile; fileRef = 46DFB91C262D76EF002839F4 /* Assets.xcassets */; };
		46DFB920262D76EF002839F4 /* Preview Assets.xcassets in Resources */ = {isa = PBXBuildFile; fileRef = 46DFB91F262D76EF002839F4 /* Preview Assets.xcassets */; };
		46DFB933262D86BE002839F4 /* HomeView.swift in Sources */ = {isa = PBXBuildFile; fileRef = 46DFB932262D86BE002839F4 /* HomeView.swift */; };
		46DFB937262D881D002839F4 /* AnimatedSplashView.swift in Sources */ = {isa = PBXBuildFile; fileRef = 46DFB936262D881D002839F4 /* AnimatedSplashView.swift */; };
/* End PBXBuildFile section */

/* Begin PBXFileReference section */
		46DFB915262D76E8002839F4 /* GetMoviesOnline.app */ = {isa = PBXFileReference; explicitFileType = wrapper.application; includeInIndex = 0; path = GetMoviesOnline.app; sourceTree = BUILT_PRODUCTS_DIR; };
		46DFB918262D76E8002839F4 /* GetMoviesOnlineApp.swift */ = {isa = PBXFileReference; lastKnownFileType = sourcecode.swift; path = GetMoviesOnlineApp.swift; sourceTree = "<group>"; };
		46DFB91A262D76E8002839F4 /* ContentView.swift */ = {isa = PBXFileReference; lastKnownFileType = sourcecode.swift; path = ContentView.swift; sourceTree = "<group>"; };
		46DFB91C262D76EF002839F4 /* Assets.xcassets */ = {isa = PBXFileReference; lastKnownFileType = folder.assetcatalog; path = Assets.xcassets; sourceTree = "<group>"; };
		46DFB91F262D76EF002839F4 /* Preview Assets.xcassets */ = {isa = PBXFileReference; lastKnownFileType = folder.assetcatalog; path = "Preview Assets.xcassets"; sourceTree = "<group>"; };
		46DFB921262D76EF002839F4 /* Info.plist */ = {isa = PBXFileReference; lastKnownFileType = text.plist.xml; path = Info.plist; sourceTree = "<group>"; };
		46DFB932262D86BE002839F4 /* HomeView.swift */ = {isa = PBXFileReference; lastKnownFileType = sourcecode.swift; path = HomeView.swift; sourceTree = "<group>"; };
		46DFB936262D881D002839F4 /* AnimatedSplashView.swift */ = {isa = PBXFileReference; lastKnownFileType = sourcecode.swift; path = AnimatedSplashView.swift; sourceTree = "<group>"; };
/* End PBXFileReference section */

/* Begin PBXFrameworksBuildPhase section */
		46DFB912262D76E8002839F4 /* Frameworks */ = {
			isa = PBXFrameworksBuildPhase;
			buildActionMask = 2147483647;
			files = (
			);
			runOnlyForDeploymentPostprocessing = 0;
		};
/* End PBXFrameworksBuildPhase section */

/* Begin PBXGroup section */
		46DFB90C262D76E8002839F4 = {
			isa = PBXGroup;
			children = (
				46DFB917262D76E8002839F4 /* GetMoviesOnline */,
				46DFB916262D76E8002839F4 /* Products */,
			);
			sourceTree = "<group>";
		};
		46DFB916262D76E8002839F4 /* Products */ = {
			isa = PBXGroup;
			children = (
				46DFB915262D76E8002839F4 /* GetMoviesOnline.app */,
			);
			name = Products;
			sourceTree = "<group>";
		};
		46DFB917262D76E8002839F4 /* GetMoviesOnline */ = {
			isa = PBXGroup;
			children = (
				46DFB918262D76E8002839F4 /* GetMoviesOnlineApp.swift */,
				46DFB91A262D76E8002839F4 /* ContentView.swift */,
				46DFB935262D87FB002839F4 /* Views */,
				46DFB91C262D76EF002839F4 /* Assets.xcassets */,
				46DFB921262D76EF002839F4 /* Info.plist */,
				46DFB91E262D76EF002839F4 /* Preview Content */,
			);
			path = GetMoviesOnline;
			sourceTree = "<group>";
		};
		46DFB91E262D76EF002839F4 /* Preview Content */ = {
			isa = PBXGroup;
			children = (
				46DFB91F262D76EF002839F4 /* Preview Assets.xcassets */,
			);
			path = "Preview Content";
			sourceTree = "<group>";
		};
		46DFB935262D87FB002839F4 /* Views */ = {
			isa = PBXGroup;
			children = (
				46DFB932262D86BE002839F4 /* HomeView.swift */,
				46DFB936262D881D002839F4 /* AnimatedSplashView.swift */,
			);
			path = Views;
			sourceTree = "<group>";
		};
/* End PBXGroup section */

/* Begin PBXNativeTarget section */
		46DFB914262D76E8002839F4 /* GetMoviesOnline */ = {
			isa = PBXNativeTarget;
			buildConfigurationList = 46DFB924262D76EF002839F4 /* Build configuration list for PBXNativeTarget "GetMoviesOnline" */;
			buildPhases = (
				46DFB911262D76E8002839F4 /* Sources */,
				46DFB912262D76E8002839F4 /* Frameworks */,
				46DFB913262D76E8002839F4 /* Resources */,
			);
			buildRules = (
			);
			dependencies = (
			);
			name = GetMoviesOnline;
			productName = GetMoviesOnline;
			productReference = 46DFB915262D76E8002839F4 /* GetMoviesOnline.app */;
			productType = "com.apple.product-type.application";
		};
/* End PBXNativeTarget section */

/* Begin PBXProject section */
		46DFB90D262D76E8002839F4 /* Project object */ = {
			isa = PBXProject;
			attributes = {
				LastSwiftUpdateCheck = 1240;
				LastUpgradeCheck = 1240;
				TargetAttributes = {
					46DFB914262D76E8002839F4 = {
						CreatedOnToolsVersion = 12.4;
					};
				};
			};
			buildConfigurationList = 46DFB910262D76E8002839F4 /* Build configuration list for PBXProject "GetMoviesOnline" */;
			compatibilityVersion = "Xcode 9.3";
			developmentRegion = en;
			hasScannedForEncodings = 0;
			knownRegions = (
				en,
				Base,
			);
			mainGroup = 46DFB90C262D76E8002839F4;
			productRefGroup = 46DFB916262D76E8002839F4 /* Products */;
			projectDirPath = "";
			projectRoot = "";
			targets = (
				46DFB914262D76E8002839F4 /* GetMoviesOnline */,
			);
		};
/* End PBXProject section */

/* Begin PBXResourcesBuildPhase section */
		46DFB913262D76E8002839F4 /* Resources */ = {
			isa = PBXResourcesBuildPhase;
			buildActionMask = 2147483647;
			files = (
				46DFB920262D76EF002839F4 /* Preview Assets.xcassets in Resources */,
				46DFB91D262D76EF002839F4 /* Assets.xcassets in Resources */,
			);
			runOnlyForDeploymentPostprocessing = 0;
		};
/* End PBXResourcesBuildPhase section */

/* Begin PBXSourcesBuildPhase section */
		46DFB911262D76E8002839F4 /* Sources */ = {
			isa = PBXSourcesBuildPhase;
			buildActionMask = 2147483647;
			files = (
				46DFB937262D881D002839F4 /* AnimatedSplashView.swift in Sources */,
				46DFB933262D86BE002839F4 /* HomeView.swift in Sources */,
				46DFB91B262D76E8002839F4 /* ContentView.swift in Sources */,
				46DFB919262D76E8002839F4 /* GetMoviesOnlineApp.swift in Sources */,
			);
			runOnlyForDeploymentPostprocessing = 0;
		};
/* End PBXSourcesBuildPhase section */

/* Begin XCBuildConfiguration section */
		46DFB922262D76EF002839F4 /* Debug */ = {
			isa = XCBuildConfiguration;
			buildSettings = {
				ALWAYS_SEARCH_USER_PATHS = NO;
				CLANG_ANALYZER_NONNULL = YES;
				CLANG_ANALYZER_NUMBER_OBJECT_CONVERSION = YES_AGGRESSIVE;
				CLANG_CXX_LANGUAGE_STANDARD = "gnu++14";
				CLANG_CXX_LIBRARY = "libc++";
				CLANG_ENABLE_MODULES = YES;
				CLANG_ENABLE_OBJC_ARC = YES;
				CLANG_ENABLE_OBJC_WEAK = YES;
				CLANG_WARN_BLOCK_CAPTURE_AUTORELEASING = YES;
				CLANG_WARN_BOOL_CONVERSION = YES;
				CLANG_WARN_COMMA = YES;
				CLANG_WARN_CONSTANT_CONVERSION = YES;
				CLANG_WARN_DEPRECATED_OBJC_IMPLEMENTATIONS = YES;
				CLANG_WARN_DIRECT_OBJC_ISA_USAGE = YES_ERROR;
				CLANG_WARN_DOCUMENTATION_COMMENTS = YES;
				CLANG_WARN_EMPTY_BODY = YES;
				CLANG_WARN_ENUM_CONVERSION = YES;
				CLANG_WARN_INFINITE_RECURSION = YES;
				CLANG_WARN_INT_CONVERSION = YES;
				CLANG_WARN_NON_LITERAL_NULL_CONVERSION = YES;
				CLANG_WARN_OBJC_IMPLICIT_RETAIN_SELF = YES;
				CLANG_WARN_OBJC_LITERAL_CONVERSION = YES;
				CLANG_WARN_OBJC_ROOT_CLASS = YES_ERROR;
				CLANG_WARN_QUOTED_INCLUDE_IN_FRAMEWORK_HEADER = YES;
				CLANG_WARN_RANGE_LOOP_ANALYSIS = YES;
				CLANG_WARN_STRICT_PROTOTYPES = YES;
				CLANG_WARN_SUSPICIOUS_MOVE = YES;
				CLANG_WARN_UNGUARDED_AVAILABILITY = YES_AGGRESSIVE;
				CLANG_WARN_UNREACHABLE_CODE = YES;
				CLANG_WARN__DUPLICATE_METHOD_MATCH = YES;
				COPY_PHASE_STRIP = NO;
				DEBUG_INFORMATION_FORMAT = dwarf;
				ENABLE_STRICT_OBJC_MSGSEND = YES;
				ENABLE_TESTABILITY = YES;
				GCC_C_LANGUAGE_STANDARD = gnu11;
				GCC_DYNAMIC_NO_PIC = NO;
				GCC_NO_COMMON_BLOCKS = YES;
				GCC_OPTIMIZATION_LEVEL = 0;
				GCC_PREPROCESSOR_DEFINITIONS = (
					"DEBUG=1",
					"$(inherited)",
				);
				GCC_WARN_64_TO_32_BIT_CONVERSION = YES;
				GCC_WARN_ABOUT_RETURN_TYPE = YES_ERROR;
				GCC_WARN_UNDECLARED_SELECTOR = YES;
				GCC_WARN_UNINITIALIZED_AUTOS = YES_AGGRESSIVE;
				GCC_WARN_UNUSED_FUNCTION = YES;
				GCC_WARN_UNUSED_VARIABLE = YES;
				IPHONEOS_DEPLOYMENT_TARGET = 14.4;
				MTL_ENABLE_DEBUG_INFO = INCLUDE_SOURCE;
				MTL_FAST_MATH = YES;
				ONLY_ACTIVE_ARCH = YES;
				SDKROOT = iphoneos;
				SWIFT_ACTIVE_COMPILATION_CONDITIONS = DEBUG;
				SWIFT_OPTIMIZATION_LEVEL = "-Onone";
			};
			name = Debug;
		};
		46DFB923262D76EF002839F4 /* Release */ = {
			isa = XCBuildConfiguration;
			buildSettings = {
				ALWAYS_SEARCH_USER_PATHS = NO;
				CLANG_ANALYZER_NONNULL = YES;
				CLANG_ANALYZER_NUMBER_OBJECT_CONVERSION = YES_AGGRESSIVE;
				CLANG_CXX_LANGUAGE_STANDARD = "gnu++14";
				CLANG_CXX_LIBRARY = "libc++";
				CLANG_ENABLE_MODULES = YES;
				CLANG_ENABLE_OBJC_ARC = YES;
				CLANG_ENABLE_OBJC_WEAK = YES;
				CLANG_WARN_BLOCK_CAPTURE_AUTORELEASING = YES;
				CLANG_WARN_BOOL_CONVERSION = YES;
				CLANG_WARN_COMMA = YES;
				CLANG_WARN_CONSTANT_CONVERSION = YES;
				CLANG_WARN_DEPRECATED_OBJC_IMPLEMENTATIONS = YES;
				CLANG_WARN_DIRECT_OBJC_ISA_USAGE = YES_ERROR;
				CLANG_WARN_DOCUMENTATION_COMMENTS = YES;
				CLANG_WARN_EMPTY_BODY = YES;
				CLANG_WARN_ENUM_CONVERSION = YES;
				CLANG_WARN_INFINITE_RECURSION = YES;
				CLANG_WARN_INT_CONVERSION = YES;
				CLANG_WARN_NON_LITERAL_NULL_CONVERSION = YES;
				CLANG_WARN_OBJC_IMPLICIT_RETAIN_SELF = YES;
				CLANG_WARN_OBJC_LITERAL_CONVERSION = YES;
				CLANG_WARN_OBJC_ROOT_CLASS = YES_ERROR;
				CLANG_WARN_QUOTED_INCLUDE_IN_FRAMEWORK_HEADER = YES;
				CLANG_WARN_RANGE_LOOP_ANALYSIS = YES;
				CLANG_WARN_STRICT_PROTOTYPES = YES;
				CLANG_WARN_SUSPICIOUS_MOVE = YES;
				CLANG_WARN_UNGUARDED_AVAILABILITY = YES_AGGRESSIVE;
				CLANG_WARN_UNREACHABLE_CODE = YES;
				CLANG_WARN__DUPLICATE_METHOD_MATCH = YES;
				COPY_PHASE_STRIP = NO;
				DEBUG_INFORMATION_FORMAT = "dwarf-with-dsym";
				ENABLE_NS_ASSERTIONS = NO;
				ENABLE_STRICT_OBJC_MSGSEND = YES;
				GCC_C_LANGUAGE_STANDARD = gnu11;
				GCC_NO_COMMON_BLOCKS = YES;
				GCC_WARN_64_TO_32_BIT_CONVERSION = YES;
				GCC_WARN_ABOUT_RETURN_TYPE = YES_ERROR;
				GCC_WARN_UNDECLARED_SELECTOR = YES;
				GCC_WARN_UNINITIALIZED_AUTOS = YES_AGGRESSIVE;
				GCC_WARN_UNUSED_FUNCTION = YES;
				GCC_WARN_UNUSED_VARIABLE = YES;
				IPHONEOS_DEPLOYMENT_TARGET = 14.4;
				MTL_ENABLE_DEBUG_INFO = NO;
				MTL_FAST_MATH = YES;
				SDKROOT = iphoneos;
				SWIFT_COMPILATION_MODE = wholemodule;
				SWIFT_OPTIMIZATION_LEVEL = "-O";
				VALIDATE_PRODUCT = YES;
			};
			name = Release;
		};
		46DFB925262D76EF002839F4 /* Debug */ = {
			isa = XCBuildConfiguration;
			buildSettings = {
				ASSETCATALOG_COMPILER_APPICON_NAME = AppIcon;
				ASSETCATALOG_COMPILER_GLOBAL_ACCENT_COLOR_NAME = AccentColor;
				CODE_SIGN_STYLE = Automatic;
				DEVELOPMENT_ASSET_PATHS = "\"GetMoviesOnline/Preview Content\"";
				DEVELOPMENT_TEAM = 5J7S4GW5V2;
				ENABLE_PREVIEWS = YES;
				INFOPLIST_FILE = GetMoviesOnline/Info.plist;
				IPHONEOS_DEPLOYMENT_TARGET = 14.0;
				LD_RUNPATH_SEARCH_PATHS = (
					"$(inherited)",
					"@executable_path/Frameworks",
				);
				PRODUCT_BUNDLE_IDENTIFIER = "IACD-Academy.GetMoviesOnline";
				PRODUCT_NAME = "$(TARGET_NAME)";
				SWIFT_VERSION = 5.0;
				TARGETED_DEVICE_FAMILY = "1,2";
			};
			name = Debug;
		};
		46DFB926262D76EF002839F4 /* Release */ = {
			isa = XCBuildConfiguration;
			buildSettings = {
				ASSETCATALOG_COMPILER_APPICON_NAME = AppIcon;
				ASSETCATALOG_COMPILER_GLOBAL_ACCENT_COLOR_NAME = AccentColor;
				CODE_SIGN_STYLE = Automatic;
				DEVELOPMENT_ASSET_PATHS = "\"GetMoviesOnline/Preview Content\"";
				DEVELOPMENT_TEAM = 5J7S4GW5V2;
				ENABLE_PREVIEWS = YES;
				INFOPLIST_FILE = GetMoviesOnline/Info.plist;
				IPHONEOS_DEPLOYMENT_TARGET = 14.0;
				LD_RUNPATH_SEARCH_PATHS = (
					"$(inherited)",
					"@executable_path/Frameworks",
				);
				PRODUCT_BUNDLE_IDENTIFIER = "IACD-Academy.GetMoviesOnline";
				PRODUCT_NAME = "$(TARGET_NAME)";
				SWIFT_VERSION = 5.0;
				TARGETED_DEVICE_FAMILY = "1,2";
			};
			name = Release;
		};
/* End XCBuildConfiguration section */

/* Begin XCConfigurationList section */
		46DFB910262D76E8002839F4 /* Build configuration list for PBXProject "GetMoviesOnline" */ = {
			isa = XCConfigurationList;
			buildConfigurations = (
				46DFB922262D76EF002839F4 /* Debug */,
				46DFB923262D76EF002839F4 /* Release */,
			);
			defaultConfigurationIsVisible = 0;
			defaultConfigurationName = Release;
		};
		46DFB924262D76EF002839F4 /* Build configuration list for PBXNativeTarget "GetMoviesOnline" */ = {
			isa = XCConfigurationList;
			buildConfigurations = (
				46DFB925262D76EF002839F4 /* Debug */,
				46DFB926262D76EF002839F4 /* Release */,
			);
			defaultConfigurationIsVisible = 0;
			defaultConfigurationName = Release;
		};
/* End XCConfigurationList section */
	};
	rootObject = 46DFB90D262D76E8002839F4 /* Project object */;
}
